
Microsoft Visual Studio Solution File, Format Version 12.00
# Visual Studio Version 17
VisualStudioVersion = 17.10.35122.118
MinimumVisualStudioVersion = 10.0.40219.1
Project("{FAE04EC0-301F-11D3-BF4B-00C04F79EFBC}") = "MagpyServerWindows", "MagpyServerWindows\MagpyServerWindows.csproj", "{B7EC5B8F-B0E0-491C-ADC7-6418F21FDDD2}"
EndProject
Global
	GlobalSection(SolutionConfigurationPlatforms) = preSolution
		Debug|Any CPU = Debug|Any CPU
		Release|Any CPU = Release|Any CPU
	EndGlobalSection
	GlobalSection(ProjectConfigurationPlatforms) = postSolution
		{B7EC5B8F-B0E0-491C-ADC7-6418F21FDDD2}.Debug|Any CPU.ActiveCfg = Debug|Any CPU
		{B7EC5B8F-B0E0-491C-ADC7-6418F21FDDD2}.Debug|Any CPU.Build.0 = Debug|Any CPU
		{B7EC5B8F-B0E0-491C-ADC7-6418F21FDDD2}.Release|Any CPU.ActiveCfg = Release|Any CPU
		{B7EC5B8F-B0E0-491C-ADC7-6418F21FDDD2}.Release|Any CPU.Build.0 = Release|Any CPU
	EndGlobalSection
	GlobalSection(SolutionProperties) = preSolution
		HideSolutionNode = FALSE
	EndGlobalSection
	GlobalSection(ExtensibilityGlobals) = postSolution
		SolutionGuid = {2667227F-DB07-4DD8-8607-E6B8428BEECA}
	EndGlobalSection
EndGlobal
